# THIS IS AN AUTOGENERATED FILE. DO NOT EDIT THIS FILE DIRECTLY.
# yarn lockfile v1


"@braintree/sanitize-url@^6.0.0":
  version "6.0.2"
  resolved "https://registry.yarnpkg.com/@braintree/sanitize-url/-/sanitize-url-6.0.2.tgz#6110f918d273fe2af8ea1c4398a88774bb9fc12f"

ace-builds@^1.5.3:
  version "1.5.3"
  resolved "https://registry.npmjs.org/ace-builds/-/ace-builds-1.5.3.tgz"

commander@7:
  version "7.2.0"
  resolved "https://registry.npmjs.org/commander/-/commander-7.2.0.tgz"

cose-base@^1.0.0:
  version "1.0.3"
  resolved "https://registry.yarnpkg.com/cose-base/-/cose-base-1.0.3.tgz#650334b41b869578a543358b80cda7e0abe0a60a"
  dependencies:
    layout-base "^1.0.0"

cose-base@^2.2.0:
  version "2.2.0"
  resolved "https://registry.yarnpkg.com/cose-base/-/cose-base-2.2.0.tgz#1c395c35b6e10bb83f9769ca8b817d614add5c01"
  dependencies:
    layout-base "^2.0.0"

cytoscape-cose-bilkent@^4.1.0:
  version "4.1.0"
  resolved "https://registry.yarnpkg.com/cytoscape-cose-bilkent/-/cytoscape-cose-bilkent-4.1.0.tgz#762fa121df9930ffeb51a495d87917c570ac209b"
  dependencies:
    cose-base "^1.0.0"

cytoscape-fcose@^2.1.0:
  version "2.2.0"
  resolved "https://registry.yarnpkg.com/cytoscape-fcose/-/cytoscape-fcose-2.2.0.tgz#e4d6f6490df4fab58ae9cea9e5c3ab8d7472f471"
  dependencies:
    cose-base "^2.2.0"

cytoscape@^3.23.0:
  version "3.23.0"
  resolved "https://registry.yarnpkg.com/cytoscape/-/cytoscape-3.23.0.tgz#054ee05a6d0aa3b4f139382bbf2f4e5226df3c6d"
  dependencies:
    heap "^0.2.6"
    lodash "^4.17.21"

"d3-array@2 - 3", "d3-array@2.10.0 - 3", "d3-array@2.5.0 - 3", d3-array@3:
  version "3.1.1"
  resolved "https://registry.npmjs.org/d3-array/-/d3-array-3.1.1.tgz"
  dependencies:
    internmap "1 - 2"

d3-array@^3.2.0:
  version "3.2.2"
  resolved "https://registry.yarnpkg.com/d3-array/-/d3-array-3.2.2.tgz#f8ac4705c5b06914a7e0025bbf8d5f1513f6a86e"
  dependencies:
    internmap "1 - 2"

d3-axis@3:
  version "3.0.0"
  resolved "https://registry.npmjs.org/d3-axis/-/d3-axis-3.0.0.tgz"

d3-brush@3:
  version "3.0.0"
  resolved "https://registry.npmjs.org/d3-brush/-/d3-brush-3.0.0.tgz"
  dependencies:
    d3-dispatch "1 - 3"
    d3-drag "2 - 3"
    d3-interpolate "1 - 3"
    d3-selection "3"
    d3-transition "3"

d3-chord@3:
  version "3.0.1"
  resolved "https://registry.npmjs.org/d3-chord/-/d3-chord-3.0.1.tgz"
  dependencies:
    d3-path "1 - 3"

"d3-color@1 - 3", d3-color@3:
  version "3.0.1"
  resolved "https://registry.npmjs.org/d3-color/-/d3-color-3.0.1.tgz"

d3-contour@4:
  version "4.0.2"
  resolved "https://registry.yarnpkg.com/d3-contour/-/d3-contour-4.0.2.tgz#bb92063bc8c5663acb2422f99c73cbb6c6ae3bcc"
  dependencies:
    d3-array "^3.2.0"

d3-delaunay@6:
  version "6.0.2"
  resolved "https://registry.npmjs.org/d3-delaunay/-/d3-delaunay-6.0.2.tgz"
  dependencies:
    delaunator "5"

"d3-dispatch@1 - 3", d3-dispatch@3:
  version "3.0.1"
  resolved "https://registry.npmjs.org/d3-dispatch/-/d3-dispatch-3.0.1.tgz"

"d3-drag@2 - 3", d3-drag@3:
  version "3.0.0"
  resolved "https://registry.npmjs.org/d3-drag/-/d3-drag-3.0.0.tgz"
  dependencies:
    d3-dispatch "1 - 3"
    d3-selection "3"

"d3-dsv@1 - 3", d3-dsv@3:
  version "3.0.1"
  resolved "https://registry.npmjs.org/d3-dsv/-/d3-dsv-3.0.1.tgz"
  dependencies:
    commander "7"
    iconv-lite "0.6"
    rw "1"

"d3-ease@1 - 3", d3-ease@3:
  version "3.0.1"
  resolved "https://registry.npmjs.org/d3-ease/-/d3-ease-3.0.1.tgz"

d3-fetch@3:
  version "3.0.1"
  resolved "https://registry.npmjs.org/d3-fetch/-/d3-fetch-3.0.1.tgz"
  dependencies:
    d3-dsv "1 - 3"

d3-force@3:
  version "3.0.0"
  resolved "https://registry.npmjs.org/d3-force/-/d3-force-3.0.0.tgz"
  dependencies:
    d3-dispatch "1 - 3"
    d3-quadtree "1 - 3"
    d3-timer "1 - 3"

"d3-format@1 - 3", d3-format@3:
  version "3.1.0"
  resolved "https://registry.npmjs.org/d3-format/-/d3-format-3.1.0.tgz"

d3-geo@3:
  version "3.0.1"
  resolved "https://registry.npmjs.org/d3-geo/-/d3-geo-3.0.1.tgz"
  dependencies:
    d3-array "2.5.0 - 3"

d3-hierarchy@3:
  version "3.1.1"
  resolved "https://registry.npmjs.org/d3-hierarchy/-/d3-hierarchy-3.1.1.tgz"

"d3-interpolate@1 - 3", "d3-interpolate@1.2.0 - 3", d3-interpolate@3:
  version "3.0.1"
  resolved "https://registry.npmjs.org/d3-interpolate/-/d3-interpolate-3.0.1.tgz"
  dependencies:
    d3-color "1 - 3"

"d3-path@1 - 3", d3-path@3:
  version "3.0.1"
  resolved "https://registry.npmjs.org/d3-path/-/d3-path-3.0.1.tgz"

d3-polygon@3:
  version "3.0.1"
  resolved "https://registry.npmjs.org/d3-polygon/-/d3-polygon-3.0.1.tgz"

"d3-quadtree@1 - 3", d3-quadtree@3:
  version "3.0.1"
  resolved "https://registry.npmjs.org/d3-quadtree/-/d3-quadtree-3.0.1.tgz"

d3-random@3:
  version "3.0.1"
  resolved "https://registry.npmjs.org/d3-random/-/d3-random-3.0.1.tgz"

d3-scale-chromatic@3:
  version "3.0.0"
  resolved "https://registry.npmjs.org/d3-scale-chromatic/-/d3-scale-chromatic-3.0.0.tgz"
  dependencies:
    d3-color "1 - 3"
    d3-interpolate "1 - 3"

d3-scale@4:
  version "4.0.2"
  resolved "https://registry.npmjs.org/d3-scale/-/d3-scale-4.0.2.tgz"
  dependencies:
    d3-array "2.10.0 - 3"
    d3-format "1 - 3"
    d3-interpolate "1.2.0 - 3"
    d3-time "2.1.1 - 3"
    d3-time-format "2 - 4"

"d3-selection@2 - 3", d3-selection@3:
  version "3.0.0"
  resolved "https://registry.npmjs.org/d3-selection/-/d3-selection-3.0.0.tgz"

d3-shape@3:
  version "3.1.0"
  resolved "https://registry.npmjs.org/d3-shape/-/d3-shape-3.1.0.tgz"
  dependencies:
    d3-path "1 - 3"

"d3-time-format@2 - 4", d3-time-format@4:
  version "4.1.0"
  resolved "https://registry.npmjs.org/d3-time-format/-/d3-time-format-4.1.0.tgz"
  dependencies:
    d3-time "1 - 3"

"d3-time@1 - 3", "d3-time@2.1.1 - 3", d3-time@3:
  version "3.0.0"
  resolved "https://registry.npmjs.org/d3-time/-/d3-time-3.0.0.tgz"
  dependencies:
    d3-array "2 - 3"

"d3-timer@1 - 3", d3-timer@3:
  version "3.0.1"
  resolved "https://registry.npmjs.org/d3-timer/-/d3-timer-3.0.1.tgz"

"d3-transition@2 - 3", d3-transition@3:
  version "3.0.1"
  resolved "https://registry.npmjs.org/d3-transition/-/d3-transition-3.0.1.tgz"
  dependencies:
    d3-color "1 - 3"
    d3-dispatch "1 - 3"
    d3-ease "1 - 3"
    d3-interpolate "1 - 3"
    d3-timer "1 - 3"

d3-zoom@3:
  version "3.0.0"
  resolved "https://registry.npmjs.org/d3-zoom/-/d3-zoom-3.0.0.tgz"
  dependencies:
    d3-dispatch "1 - 3"
    d3-drag "2 - 3"
    d3-interpolate "1 - 3"
    d3-selection "2 - 3"
    d3-transition "2 - 3"

d3@^7.0.0, d3@^7.8.2:
  version "7.8.2"
  resolved "https://registry.yarnpkg.com/d3/-/d3-7.8.2.tgz#2bdb3c178d095ae03b107a18837ae049838e372d"
  dependencies:
    d3-array "3"
    d3-axis "3"
    d3-brush "3"
    d3-chord "3"
    d3-color "3"
    d3-contour "4"
    d3-delaunay "6"
    d3-dispatch "3"
    d3-drag "3"
    d3-dsv "3"
    d3-ease "3"
    d3-fetch "3"
    d3-force "3"
    d3-format "3"
    d3-geo "3"
    d3-hierarchy "3"
    d3-interpolate "3"
    d3-path "3"
    d3-polygon "3"
    d3-quadtree "3"
    d3-random "3"
    d3-scale "4"
    d3-scale-chromatic "3"
    d3-selection "3"
    d3-shape "3"
    d3-time "3"
    d3-time-format "4"
    d3-timer "3"
    d3-transition "3"
    d3-zoom "3"

dagre-d3-es@7.0.8:
  version "7.0.8"
  resolved "https://registry.yarnpkg.com/dagre-d3-es/-/dagre-d3-es-7.0.8.tgz#14c309c3c08ba8329a7cf51000bd56a369c513d1"
  dependencies:
    d3 "^7.8.2"
    lodash-es "^4.17.21"

delaunator@5:
  version "5.0.0"
  resolved "https://registry.npmjs.org/delaunator/-/delaunator-5.0.0.tgz"
  dependencies:
    robust-predicates "^3.0.0"

dompurify@2.4.3:
  version "2.4.3"
  resolved "https://registry.yarnpkg.com/dompurify/-/dompurify-2.4.3.tgz#f4133af0e6a50297fc8874e2eaedc13a3c308c03"

elkjs@^0.8.2:
  version "0.8.2"
  resolved "https://registry.yarnpkg.com/elkjs/-/elkjs-0.8.2.tgz#c37763c5a3e24e042e318455e0147c912a7c248e"

heap@^0.2.6:
  version "0.2.7"
  resolved "https://registry.yarnpkg.com/heap/-/heap-0.2.7.tgz#1e6adf711d3f27ce35a81fe3b7bd576c2260a8fc"

iconv-lite@0.6:
  version "0.6.3"
  resolved "https://registry.npmjs.org/iconv-lite/-/iconv-lite-0.6.3.tgz"
  dependencies:
    safer-buffer ">= 2.1.2 < 3.0.0"

"internmap@1 - 2":
  version "2.0.3"
  resolved "https://registry.npmjs.org/internmap/-/internmap-2.0.3.tgz"

jquery-litebox@^1.0.2:
  version "1.0.2"
  resolved "https://registry.npmjs.org/jquery-litebox/-/jquery-litebox-1.0.2.tgz"
  dependencies:
    jquery ">=1.4.1"

jquery-syntax@^4.1.1:
  version "4.4.0"
  resolved "https://registry.npmjs.org/jquery-syntax/-/jquery-syntax-4.4.0.tgz"
  dependencies:
    jquery ">=1.4.1"

jquery@>=1.4.1:
  version "3.5.1"
  resolved "https://registry.npmjs.org/jquery/-/jquery-3.5.1.tgz"

khroma@^2.0.0:
  version "2.0.0"
  resolved "https://registry.yarnpkg.com/khroma/-/khroma-2.0.0.tgz#7577de98aed9f36c7a474c4d453d94c0d6c6588b"

layout-base@^1.0.0:
  version "1.0.2"
  resolved "https://registry.yarnpkg.com/layout-base/-/layout-base-1.0.2.tgz#1291e296883c322a9dd4c5dd82063721b53e26e2"

layout-base@^2.0.0:
  version "2.0.1"
  resolved "https://registry.yarnpkg.com/layout-base/-/layout-base-2.0.1.tgz#d0337913586c90f9c2c075292069f5c2da5dd285"

lodash-es@^4.17.21:
  version "4.17.21"
  resolved "https://registry.yarnpkg.com/lodash-es/-/lodash-es-4.17.21.tgz#43e626c46e6591b7750beb2b50117390c609e3ee"

lodash@^4.17.21:
  version "4.17.21"
  resolved "https://registry.yarnpkg.com/lodash/-/lodash-4.17.21.tgz#679591c564c3bffaae8454cf0b3df370c3d6911c"

mermaid@^9.4.0:
  version "9.4.0"
  resolved "https://registry.yarnpkg.com/mermaid/-/mermaid-9.4.0.tgz#ff9afcac9f565a358fa8fc39135dec2c842c3b8f"
  dependencies:
    "@braintree/sanitize-url" "^6.0.0"
    cytoscape "^3.23.0"
    cytoscape-cose-bilkent "^4.1.0"
    cytoscape-fcose "^2.1.0"
    d3 "^7.0.0"
    dagre-d3-es "7.0.8"
    dompurify "2.4.3"
    elkjs "^0.8.2"
    khroma "^2.0.0"
    lodash-es "^4.17.21"
    moment "^2.29.4"
    non-layered-tidy-tree-layout "^2.0.2"
    stylis "^4.1.2"
    ts-dedent "^2.2.0"
    uuid "^9.0.0"

moment@^2.29.4:
  version "2.29.4"
  resolved "https://registry.yarnpkg.com/moment/-/moment-2.29.4.tgz#3dbe052889fe7c1b2ed966fcb3a77328964ef108"

non-layered-tidy-tree-layout@^2.0.2:
  version "2.0.2"
  resolved "https://registry.yarnpkg.com/non-layered-tidy-tree-layout/-/non-layered-tidy-tree-layout-2.0.2.tgz#57d35d13c356643fc296a55fb11ac15e74da7804"

robust-predicates@^3.0.0:
  version "3.0.1"
  resolved "https://registry.npmjs.org/robust-predicates/-/robust-predicates-3.0.1.tgz"

rw@1:
  version "1.3.3"
  resolved "https://registry.npmjs.org/rw/-/rw-1.3.3.tgz"

"safer-buffer@>= 2.1.2 < 3.0.0":
  version "2.1.2"
  resolved "https://registry.npmjs.org/safer-buffer/-/safer-buffer-2.1.2.tgz"

stylis@^4.1.2:
  version "4.1.3"
  resolved "https://registry.yarnpkg.com/stylis/-/stylis-4.1.3.tgz#fd2fbe79f5fed17c55269e16ed8da14c84d069f7"

ts-dedent@^2.2.0:
  version "2.2.0"
  resolved "https://registry.yarnpkg.com/ts-dedent/-/ts-dedent-2.2.0.tgz#39e4bd297cd036292ae2394eb3412be63f563bb5"

uuid@^9.0.0:
  version "9.0.0"
  resolved "https://registry.yarnpkg.com/uuid/-/uuid-9.0.0.tgz#592f550650024a38ceb0c562f2f6aa435761efb5"
